github.com/donseba/expronaut v0.0.0-20240317122124-ebaa65ecada0 h1:T038L/7YOr456NwypEVNMjlYiN1rvdRAv1LhgkmOBBc=
github.com/donseba/expronaut v0.0.0-20240317122124-ebaa65ecada0/go.mod h1:FAeNas+e6IzzqkZA4Xwm3vOWncUiOEwy5xc44v47n8I=
github.com/donseba/go-htmx v1.8.0 h1:oTx1uUsjXZZVvcZfulZvBSPtdD1jzsvZyuK91+Q8zPE=
github.com/donseba/go-htmx v1.8.0/go.mod h1:8PTAYvNKf8+QYis+DpAsggKz+sa2qljtMgvdAeNBh5s=
